// !$*UTF8*$!
{
	archiveVersion = 1;
	classes = {
	};
	objectVersion = 55;
	objects = {

/* Begin PBXBuildFile section */
		61C0426E28CF261A00D58BFA /* TickTockApp.swift in Sources */ = {isa = PBXBuildFile; fileRef = 61C0425E28CF261800D58BFA /* TickTockApp.swift */; };
		61C0426F28CF261A00D58BFA /* TickTockApp.swift in Sources */ = {isa = PBXBuildFile; fileRef = 61C0425E28CF261800D58BFA /* TickTockApp.swift */; };
		61C0427028CF261A00D58BFA /* ContentView.swift in Sources */ = {isa = PBXBuildFile; fileRef = 61C0425F28CF261800D58BFA /* ContentView.swift */; };
		61C0427128CF261A00D58BFA /* ContentView.swift in Sources */ = {isa = PBXBuildFile; fileRef = 61C0425F28CF261800D58BFA /* ContentView.swift */; };
		61C0427228CF261A00D58BFA /* Assets.xcassets in Resources */ = {isa = PBXBuildFile; fileRef = 61C0426028CF261A00D58BFA /* Assets.xcassets */; };
		61C0427328CF261A00D58BFA /* Assets.xcassets in Resources */ = {isa = PBXBuildFile; fileRef = 61C0426028CF261A00D58BFA /* Assets.xcassets */; };
		61C0427D28CF264B00D58BFA /* GridView.swift in Sources */ = {isa = PBXBuildFile; fileRef = 61C0427C28CF264B00D58BFA /* GridView.swift */; };
		61C0427E28CF264B00D58BFA /* GridView.swift in Sources */ = {isa = PBXBuildFile; fileRef = 61C0427C28CF264B00D58BFA /* GridView.swift */; };
		61C0428428CF269000D58BFA /* RoundButton.swift in Sources */ = {isa = PBXBuildFile; fileRef = 61C0427F28CF269000D58BFA /* RoundButton.swift */; };
		61C0428528CF269000D58BFA /* RoundButton.swift in Sources */ = {isa = PBXBuildFile; fileRef = 61C0427F28CF269000D58BFA /* RoundButton.swift */; };
		61C0428628CF269000D58BFA /* RoundButtonViewModel.swift in Sources */ = {isa = PBXBuildFile; fileRef = 61C0428028CF269000D58BFA /* RoundButtonViewModel.swift */; };
		61C0428728CF269000D58BFA /* RoundButtonViewModel.swift in Sources */ = {isa = PBXBuildFile; fileRef = 61C0428028CF269000D58BFA /* RoundButtonViewModel.swift */; };
		61C0428828CF269000D58BFA /* Colors.xcassets in Resources */ = {isa = PBXBuildFile; fileRef = 61C0428128CF269000D58BFA /* Colors.xcassets */; };
		61C0428928CF269000D58BFA /* Colors.xcassets in Resources */ = {isa = PBXBuildFile; fileRef = 61C0428128CF269000D58BFA /* Colors.xcassets */; };
		61C0428A28CF269000D58BFA /* RoundButtonStyle.swift in Sources */ = {isa = PBXBuildFile; fileRef = 61C0428228CF269000D58BFA /* RoundButtonStyle.swift */; };
		61C0428B28CF269000D58BFA /* RoundButtonStyle.swift in Sources */ = {isa = PBXBuildFile; fileRef = 61C0428228CF269000D58BFA /* RoundButtonStyle.swift */; };
		61C0428C28CF269000D58BFA /* CountDownView.swift in Sources */ = {isa = PBXBuildFile; fileRef = 61C0428328CF269000D58BFA /* CountDownView.swift */; };
		61C0428D28CF269000D58BFA /* CountDownView.swift in Sources */ = {isa = PBXBuildFile; fileRef = 61C0428328CF269000D58BFA /* CountDownView.swift */; };
/* End PBXBuildFile section */

/* Begin PBXFileReference section */
		61C0425E28CF261800D58BFA /* TickTockApp.swift */ = {isa = PBXFileReference; lastKnownFileType = sourcecode.swift; path = TickTockApp.swift; sourceTree = "<group>"; };
		61C0425F28CF261800D58BFA /* ContentView.swift */ = {isa = PBXFileReference; lastKnownFileType = sourcecode.swift; path = ContentView.swift; sourceTree = "<group>"; };
		61C0426028CF261A00D58BFA /* Assets.xcassets */ = {isa = PBXFileReference; lastKnownFileType = folder.assetcatalog; path = Assets.xcassets; sourceTree = "<group>"; };
		61C0426528CF261A00D58BFA /* TickTock.app */ = {isa = PBXFileReference; explicitFileType = wrapper.application; includeInIndex = 0; path = TickTock.app; sourceTree = BUILT_PRODUCTS_DIR; };
		61C0426B28CF261A00D58BFA /* TickTock.app */ = {isa = PBXFileReference; explicitFileType = wrapper.application; includeInIndex = 0; path = TickTock.app; sourceTree = BUILT_PRODUCTS_DIR; };
		61C0426D28CF261A00D58BFA /* macOS.entitlements */ = {isa = PBXFileReference; lastKnownFileType = text.plist.entitlements; path = macOS.entitlements; sourceTree = "<group>"; };
		61C0427C28CF264B00D58BFA /* GridView.swift */ = {isa = PBXFileReference; lastKnownFileType = sourcecode.swift; path = GridView.swift; sourceTree = "<group>"; };
		61C0427F28CF269000D58BFA /* RoundButton.swift */ = {isa = PBXFileReference; fileEncoding = 4; lastKnownFileType = sourcecode.swift; path = RoundButton.swift; sourceTree = "<group>"; };
		61C0428028CF269000D58BFA /* RoundButtonViewModel.swift */ = {isa = PBXFileReference; fileEncoding = 4; lastKnownFileType = sourcecode.swift; path = RoundButtonViewModel.swift; sourceTree = "<group>"; };
		61C0428128CF269000D58BFA /* Colors.xcassets */ = {isa = PBXFileReference; lastKnownFileType = folder.assetcatalog; path = Colors.xcassets; sourceTree = "<group>"; };
		61C0428228CF269000D58BFA /* RoundButtonStyle.swift */ = {isa = PBXFileReference; fileEncoding = 4; lastKnownFileType = sourcecode.swift; path = RoundButtonStyle.swift; sourceTree = "<group>"; };
		61C0428328CF269000D58BFA /* CountDownView.swift */ = {isa = PBXFileReference; fileEncoding = 4; lastKnownFileType = sourcecode.swift; path = CountDownView.swift; sourceTree = "<group>"; };
/* End PBXFileReference section */

/* Begin PBXFrameworksBuildPhase section */
		61C0426228CF261A00D58BFA /* Frameworks */ = {
			isa = PBXFrameworksBuildPhase;
			buildActionMask = 2147483647;
			files = (
			);
			runOnlyForDeploymentPostprocessing = 0;
		};
		61C0426828CF261A00D58BFA /* Frameworks */ = {
			isa = PBXFrameworksBuildPhase;
			buildActionMask = 2147483647;
			files = (
			);
			runOnlyForDeploymentPostprocessing = 0;
		};
/* End PBXFrameworksBuildPhase section */

/* Begin PBXGroup section */
		61C0425828CF261800D58BFA = {
			isa = PBXGroup;
			children = (
				61C0425D28CF261800D58BFA /* Shared */,
				61C0426C28CF261A00D58BFA /* macOS */,
				61C0426628CF261A00D58BFA /* Products */,
			);
			sourceTree = "<group>";
		};
		61C0425D28CF261800D58BFA /* Shared */ = {
			isa = PBXGroup;
			children = (
				61C0426028CF261A00D58BFA /* Assets.xcassets */,
				61C0428128CF269000D58BFA /* Colors.xcassets */,
				61C0425E28CF261800D58BFA /* TickTockApp.swift */,
				61C0425F28CF261800D58BFA /* ContentView.swift */,
				61C0427C28CF264B00D58BFA /* GridView.swift */,
				61C0428328CF269000D58BFA /* CountDownView.swift */,
				61C0427F28CF269000D58BFA /* RoundButton.swift */,
				61C0428228CF269000D58BFA /* RoundButtonStyle.swift */,
				61C0428028CF269000D58BFA /* RoundButtonViewModel.swift */,
			);
			path = Shared;
			sourceTree = "<group>";
		};
		61C0426628CF261A00D58BFA /* Products */ = {
			isa = PBXGroup;
			children = (
				61C0426528CF261A00D58BFA /* TickTock.app */,
				61C0426B28CF261A00D58BFA /* TickTock.app */,
			);
			name = Products;
			sourceTree = "<group>";
		};
		61C0426C28CF261A00D58BFA /* macOS */ = {
			isa = PBXGroup;
			children = (
				61C0426D28CF261A00D58BFA /* macOS.entitlements */,
			);
			path = macOS;
			sourceTree = "<group>";
		};
/* End PBXGroup section */

/* Begin PBXNativeTarget section */
		61C0426428CF261A00D58BFA /* TickTock (iOS) */ = {
			isa = PBXNativeTarget;
			buildConfigurationList = 61C0427628CF261A00D58BFA /* Build configuration list for PBXNativeTarget "TickTock (iOS)" */;
			buildPhases = (
				61C0426128CF261A00D58BFA /* Sources */,
				61C0426228CF261A00D58BFA /* Frameworks */,
				61C0426328CF261A00D58BFA /* Resources */,
			);
			buildRules = (
			);
			dependencies = (
			);
			name = "TickTock (iOS)";
			productName = "TickTock (iOS)";
			productReference = 61C0426528CF261A00D58BFA /* TickTock.app */;
			productType = "com.apple.product-type.application";
		};
		61C0426A28CF261A00D58BFA /* TickTock (macOS) */ = {
			isa = PBXNativeTarget;
			buildConfigurationList = 61C0427928CF261A00D58BFA /* Build configuration list for PBXNativeTarget "TickTock (macOS)" */;
			buildPhases = (
				61C0426728CF261A00D58BFA /* Sources */,
				61C0426828CF261A00D58BFA /* Frameworks */,
				61C0426928CF261A00D58BFA /* Resources */,
			);
			buildRules = (
			);
			dependencies = (
			);
			name = "TickTock (macOS)";
			productName = "TickTock (macOS)";
			productReference = 61C0426B28CF261A00D58BFA /* TickTock.app */;
			productType = "com.apple.product-type.application";
		};
/* End PBXNativeTarget section */

/* Begin PBXProject section */
		61C0425928CF261800D58BFA /* Project object */ = {
			isa = PBXProject;
			attributes = {
				BuildIndependentTargetsInParallel = 1;
				LastSwiftUpdateCheck = 1330;
				LastUpgradeCheck = 1330;
				TargetAttributes = {
					61C0426428CF261A00D58BFA = {
						CreatedOnToolsVersion = 13.3.1;
					};
					61C0426A28CF261A00D58BFA = {
						CreatedOnToolsVersion = 13.3.1;
					};
				};
			};
			buildConfigurationList = 61C0425C28CF261800D58BFA /* Build configuration list for PBXProject "TickTock" */;
			compatibilityVersion = "Xcode 13.0";
			developmentRegion = en;
			hasScannedForEncodings = 0;
			knownRegions = (
				en,
				Base,
			);
			mainGroup = 61C0425828CF261800D58BFA;
			productRefGroup = 61C0426628CF261A00D58BFA /* Products */;
			projectDirPath = "";
			projectRoot = "";
			targets = (
				61C0426428CF261A00D58BFA /* TickTock (iOS) */,
				61C0426A28CF261A00D58BFA /* TickTock (macOS) */,
			);
		};
/* End PBXProject section */

/* Begin PBXResourcesBuildPhase section */
		61C0426328CF261A00D58BFA /* Resources */ = {
			isa = PBXResourcesBuildPhase;
			buildActionMask = 2147483647;
			files = (
				61C0427228CF261A00D58BFA /* Assets.xcassets in Resources */,
				61C0428828CF269000D58BFA /* Colors.xcassets in Resources */,
			);
			runOnlyForDeploymentPostprocessing = 0;
		};
		61C0426928CF261A00D58BFA /* Resources */ = {
			isa = PBXResourcesBuildPhase;
			buildActionMask = 2147483647;
			files = (
				61C0427328CF261A00D58BFA /* Assets.xcassets in Resources */,
				61C0428928CF269000D58BFA /* Colors.xcassets in Resources */,
			);
			runOnlyForDeploymentPostprocessing = 0;
		};
/* End PBXResourcesBuildPhase section */

/* Begin PBXSourcesBuildPhase section */
		61C0426128CF261A00D58BFA /* Sources */ = {
			isa = PBXSourcesBuildPhase;
			buildActionMask = 2147483647;
			files = (
				61C0428C28CF269000D58BFA /* CountDownView.swift in Sources */,
				61C0428A28CF269000D58BFA /* RoundButtonStyle.swift in Sources */,
				61C0428628CF269000D58BFA /* RoundButtonViewModel.swift in Sources */,
				61C0428428CF269000D58BFA /* RoundButton.swift in Sources */,
				61C0427028CF261A00D58BFA /* ContentView.swift in Sources */,
				61C0427D28CF264B00D58BFA /* GridView.swift in Sources */,
				61C0426E28CF261A00D58BFA /* TickTockApp.swift in Sources */,
			);
			runOnlyForDeploymentPostprocessing = 0;
		};
		61C0426728CF261A00D58BFA /* Sources */ = {
			isa = PBXSourcesBuildPhase;
			buildActionMask = 2147483647;
			files = (
				61C0428D28CF269000D58BFA /* CountDownView.swift in Sources */,
				61C0428B28CF269000D58BFA /* RoundButtonStyle.swift in Sources */,
				61C0428728CF269000D58BFA /* RoundButtonViewModel.swift in Sources */,
				61C0428528CF269000D58BFA /* RoundButton.swift in Sources */,
				61C0427128CF261A00D58BFA /* ContentView.swift in Sources */,
				61C0427E28CF264B00D58BFA /* GridView.swift in Sources */,
				61C0426F28CF261A00D58BFA /* TickTockApp.swift in Sources */,
			);
			runOnlyForDeploymentPostprocessing = 0;
		};
/* End PBXSourcesBuildPhase section */

/* Begin XCBuildConfiguration section */
		61C0427428CF261A00D58BFA /* Debug */ = {
			isa = XCBuildConfiguration;
			buildSettings = {
				ALWAYS_SEARCH_USER_PATHS = NO;
				CLANG_ANALYZER_NONNULL = YES;
				CLANG_ANALYZER_NUMBER_OBJECT_CONVERSION = YES_AGGRESSIVE;
				CLANG_CXX_LANGUAGE_STANDARD = "gnu++17";
				CLANG_ENABLE_MODULES = YES;
				CLANG_ENABLE_OBJC_ARC = YES;
				CLANG_ENABLE_OBJC_WEAK = YES;
				CLANG_WARN_BLOCK_CAPTURE_AUTORELEASING = YES;
				CLANG_WARN_BOOL_CONVERSION = YES;
				CLANG_WARN_COMMA = YES;
				CLANG_WARN_CONSTANT_CONVERSION = YES;
				CLANG_WARN_DEPRECATED_OBJC_IMPLEMENTATIONS = YES;
				CLANG_WARN_DIRECT_OBJC_ISA_USAGE = YES_ERROR;
				CLANG_WARN_DOCUMENTATION_COMMENTS = YES;
				CLANG_WARN_EMPTY_BODY = YES;
				CLANG_WARN_ENUM_CONVERSION = YES;
				CLANG_WARN_INFINITE_RECURSION = YES;
				CLANG_WARN_INT_CONVERSION = YES;
				CLANG_WARN_NON_LITERAL_NULL_CONVERSION = YES;
				CLANG_WARN_OBJC_IMPLICIT_RETAIN_SELF = YES;
				CLANG_WARN_OBJC_LITERAL_CONVERSION = YES;
				CLANG_WARN_OBJC_ROOT_CLASS = YES_ERROR;
				CLANG_WARN_QUOTED_INCLUDE_IN_FRAMEWORK_HEADER = YES;
				CLANG_WARN_RANGE_LOOP_ANALYSIS = YES;
				CLANG_WARN_STRICT_PROTOTYPES = YES;
				CLANG_WARN_SUSPICIOUS_MOVE = YES;
				CLANG_WARN_UNGUARDED_AVAILABILITY = YES_AGGRESSIVE;
				CLANG_WARN_UNREACHABLE_CODE = YES;
				CLANG_WARN__DUPLICATE_METHOD_MATCH = YES;
				COPY_PHASE_STRIP = NO;
				DEBUG_INFORMATION_FORMAT = dwarf;
				ENABLE_STRICT_OBJC_MSGSEND = YES;
				ENABLE_TESTABILITY = YES;
				GCC_C_LANGUAGE_STANDARD = gnu11;
				GCC_DYNAMIC_NO_PIC = NO;
				GCC_NO_COMMON_BLOCKS = YES;
				GCC_OPTIMIZATION_LEVEL = 0;
				GCC_PREPROCESSOR_DEFINITIONS = (
					"DEBUG=1",
					"$(inherited)",
				);
				GCC_WARN_64_TO_32_BIT_CONVERSION = YES;
				GCC_WARN_ABOUT_RETURN_TYPE = YES_ERROR;
				GCC_WARN_UNDECLARED_SELECTOR = YES;
				GCC_WARN_UNINITIALIZED_AUTOS = YES_AGGRESSIVE;
				GCC_WARN_UNUSED_FUNCTION = YES;
				GCC_WARN_UNUSED_VARIABLE = YES;
				MTL_ENABLE_DEBUG_INFO = INCLUDE_SOURCE;
				MTL_FAST_MATH = YES;
				ONLY_ACTIVE_ARCH = YES;
				SWIFT_ACTIVE_COMPILATION_CONDITIONS = DEBUG;
				SWIFT_OPTIMIZATION_LEVEL = "-Onone";
			};
			name = Debug;
		};
		61C0427528CF261A00D58BFA /* Release */ = {
			isa = XCBuildConfiguration;
			buildSettings = {
				ALWAYS_SEARCH_USER_PATHS = NO;
				CLANG_ANALYZER_NONNULL = YES;
				CLANG_ANALYZER_NUMBER_OBJECT_CONVERSION = YES_AGGRESSIVE;
				CLANG_CXX_LANGUAGE_STANDARD = "gnu++17";
				CLANG_ENABLE_MODULES = YES;
				CLANG_ENABLE_OBJC_ARC = YES;
				CLANG_ENABLE_OBJC_WEAK = YES;
				CLANG_WARN_BLOCK_CAPTURE_AUTORELEASING = YES;
				CLANG_WARN_BOOL_CONVERSION = YES;
				CLANG_WARN_COMMA = YES;
				CLANG_WARN_CONSTANT_CONVERSION = YES;
				CLANG_WARN_DEPRECATED_OBJC_IMPLEMENTATIONS = YES;
				CLANG_WARN_DIRECT_OBJC_ISA_USAGE = YES_ERROR;
				CLANG_WARN_DOCUMENTATION_COMMENTS = YES;
				CLANG_WARN_EMPTY_BODY = YES;
				CLANG_WARN_ENUM_CONVERSION = YES;
				CLANG_WARN_INFINITE_RECURSION = YES;
				CLANG_WARN_INT_CONVERSION = YES;
				CLANG_WARN_NON_LITERAL_NULL_CONVERSION = YES;
				CLANG_WARN_OBJC_IMPLICIT_RETAIN_SELF = YES;
				CLANG_WARN_OBJC_LITERAL_CONVERSION = YES;
				CLANG_WARN_OBJC_ROOT_CLASS = YES_ERROR;
				CLANG_WARN_QUOTED_INCLUDE_IN_FRAMEWORK_HEADER = YES;
				CLANG_WARN_RANGE_LOOP_ANALYSIS = YES;
				CLANG_WARN_STRICT_PROTOTYPES = YES;
				CLANG_WARN_SUSPICIOUS_MOVE = YES;
				CLANG_WARN_UNGUARDED_AVAILABILITY = YES_AGGRESSIVE;
				CLANG_WARN_UNREACHABLE_CODE = YES;
				CLANG_WARN__DUPLICATE_METHOD_MATCH = YES;
				COPY_PHASE_STRIP = NO;
				DEBUG_INFORMATION_FORMAT = "dwarf-with-dsym";
				ENABLE_NS_ASSERTIONS = NO;
				ENABLE_STRICT_OBJC_MSGSEND = YES;
				GCC_C_LANGUAGE_STANDARD = gnu11;
				GCC_NO_COMMON_BLOCKS = YES;
				GCC_WARN_64_TO_32_BIT_CONVERSION = YES;
				GCC_WARN_ABOUT_RETURN_TYPE = YES_ERROR;
				GCC_WARN_UNDECLARED_SELECTOR = YES;
				GCC_WARN_UNINITIALIZED_AUTOS = YES_AGGRESSIVE;
				GCC_WARN_UNUSED_FUNCTION = YES;
				GCC_WARN_UNUSED_VARIABLE = YES;
				MTL_ENABLE_DEBUG_INFO = NO;
				MTL_FAST_MATH = YES;
				SWIFT_COMPILATION_MODE = wholemodule;
				SWIFT_OPTIMIZATION_LEVEL = "-O";
			};
			name = Release;
		};
		61C0427728CF261A00D58BFA /* Debug */ = {
			isa = XCBuildConfiguration;
			buildSettings = {
				ASSETCATALOG_COMPILER_APPICON_NAME = AppIcon;
				ASSETCATALOG_COMPILER_GLOBAL_ACCENT_COLOR_NAME = AccentColor;
				CODE_SIGN_STYLE = Automatic;
				CURRENT_PROJECT_VERSION = 1;
				DEVELOPMENT_TEAM = G5ZJNP5M8M;
				ENABLE_PREVIEWS = YES;
				GENERATE_INFOPLIST_FILE = YES;
				INFOPLIST_KEY_UIApplicationSceneManifest_Generation = YES;
				INFOPLIST_KEY_UIApplicationSupportsIndirectInputEvents = YES;
				INFOPLIST_KEY_UILaunchScreen_Generation = YES;
				INFOPLIST_KEY_UISupportedInterfaceOrientations_iPad = "UIInterfaceOrientationPortrait UIInterfaceOrientationPortraitUpsideDown UIInterfaceOrientationLandscapeLeft UIInterfaceOrientationLandscapeRight";
				INFOPLIST_KEY_UISupportedInterfaceOrientations_iPhone = "UIInterfaceOrientationPortrait UIInterfaceOrientationLandscapeLeft UIInterfaceOrientationLandscapeRight";
				IPHONEOS_DEPLOYMENT_TARGET = 15.4;
				LD_RUNPATH_SEARCH_PATHS = (
					"$(inherited)",
					"@executable_path/Frameworks",
				);
				MARKETING_VERSION = 1.0;
				PRODUCT_BUNDLE_IDENTIFIER = xiang.TickTock;
				PRODUCT_NAME = TickTock;
				SDKROOT = iphoneos;
				SWIFT_EMIT_LOC_STRINGS = YES;
				SWIFT_VERSION = 5.0;
				TARGETED_DEVICE_FAMILY = "1,2";
			};
			name = Debug;
		};
		61C0427828CF261A00D58BFA /* Release */ = {
			isa = XCBuildConfiguration;
			buildSettings = {
				ASSETCATALOG_COMPILER_APPICON_NAME = AppIcon;
				ASSETCATALOG_COMPILER_GLOBAL_ACCENT_COLOR_NAME = AccentColor;
				CODE_SIGN_STYLE = Automatic;
				CURRENT_PROJECT_VERSION = 1;
				DEVELOPMENT_TEAM = G5ZJNP5M8M;
				ENABLE_PREVIEWS = YES;
				GENERATE_INFOPLIST_FILE = YES;
				INFOPLIST_KEY_UIApplicationSceneManifest_Generation = YES;
				INFOPLIST_KEY_UIApplicationSupportsIndirectInputEvents = YES;
				INFOPLIST_KEY_UILaunchScreen_Generation = YES;
				INFOPLIST_KEY_UISupportedInterfaceOrientations_iPad = "UIInterfaceOrientationPortrait UIInterfaceOrientationPortraitUpsideDown UIInterfaceOrientationLandscapeLeft UIInterfaceOrientationLandscapeRight";
				INFOPLIST_KEY_UISupportedInterfaceOrientations_iPhone = "UIInterfaceOrientationPortrait UIInterfaceOrientationLandscapeLeft UIInterfaceOrientationLandscapeRight";
				IPHONEOS_DEPLOYMENT_TARGET = 15.4;
				LD_RUNPATH_SEARCH_PATHS = (
					"$(inherited)",
					"@executable_path/Frameworks",
				);
				MARKETING_VERSION = 1.0;
				PRODUCT_BUNDLE_IDENTIFIER = xiang.TickTock;
				PRODUCT_NAME = TickTock;
				SDKROOT = iphoneos;
				SWIFT_EMIT_LOC_STRINGS = YES;
				SWIFT_VERSION = 5.0;
				TARGETED_DEVICE_FAMILY = "1,2";
				VALIDATE_PRODUCT = YES;
			};
			name = Release;
		};
		61C0427A28CF261A00D58BFA /* Debug */ = {
			isa = XCBuildConfiguration;
			buildSettings = {
				ASSETCATALOG_COMPILER_APPICON_NAME = AppIcon;
				ASSETCATALOG_COMPILER_GLOBAL_ACCENT_COLOR_NAME = AccentColor;
				CODE_SIGN_ENTITLEMENTS = macOS/macOS.entitlements;
				CODE_SIGN_STYLE = Automatic;
				COMBINE_HIDPI_IMAGES = YES;
				CURRENT_PROJECT_VERSION = 1;
				DEVELOPMENT_TEAM = G5ZJNP5M8M;
				ENABLE_HARDENED_RUNTIME = YES;
				ENABLE_PREVIEWS = YES;
				GENERATE_INFOPLIST_FILE = YES;
				INFOPLIST_KEY_NSHumanReadableCopyright = "";
				LD_RUNPATH_SEARCH_PATHS = (
					"$(inherited)",
					"@executable_path/../Frameworks",
				);
				MACOSX_DEPLOYMENT_TARGET = 12.3;
				MARKETING_VERSION = 1.0;
				PRODUCT_BUNDLE_IDENTIFIER = xiang.TickTock;
				PRODUCT_NAME = TickTock;
				SDKROOT = macosx;
				SWIFT_EMIT_LOC_STRINGS = YES;
				SWIFT_VERSION = 5.0;
			};
			name = Debug;
		};
		61C0427B28CF261A00D58BFA /* Release */ = {
			isa = XCBuildConfiguration;
			buildSettings = {
				ASSETCATALOG_COMPILER_APPICON_NAME = AppIcon;
				ASSETCATALOG_COMPILER_GLOBAL_ACCENT_COLOR_NAME = AccentColor;
				CODE_SIGN_ENTITLEMENTS = macOS/macOS.entitlements;
				CODE_SIGN_STYLE = Automatic;
				COMBINE_HIDPI_IMAGES = YES;
				CURRENT_PROJECT_VERSION = 1;
				DEVELOPMENT_TEAM = G5ZJNP5M8M;
				ENABLE_HARDENED_RUNTIME = YES;
				ENABLE_PREVIEWS = YES;
				GENERATE_INFOPLIST_FILE = YES;
				INFOPLIST_KEY_NSHumanReadableCopyright = "";
				LD_RUNPATH_SEARCH_PATHS = (
					"$(inherited)",
					"@executable_path/../Frameworks",
				);
				MACOSX_DEPLOYMENT_TARGET = 12.3;
				MARKETING_VERSION = 1.0;
				PRODUCT_BUNDLE_IDENTIFIER = xiang.TickTock;
				PRODUCT_NAME = TickTock;
				SDKROOT = macosx;
				SWIFT_EMIT_LOC_STRINGS = YES;
				SWIFT_VERSION = 5.0;
			};
			name = Release;
		};
/* End XCBuildConfiguration section */

/* Begin XCConfigurationList section */
		61C0425C28CF261800D58BFA /* Build configuration list for PBXProject "TickTock" */ = {
			isa = XCConfigurationList;
			buildConfigurations = (
				61C0427428CF261A00D58BFA /* Debug */,
				61C0427528CF261A00D58BFA /* Release */,
			);
			defaultConfigurationIsVisible = 0;
			defaultConfigurationName = Release;
		};
		61C0427628CF261A00D58BFA /* Build configuration list for PBXNativeTarget "TickTock (iOS)" */ = {
			isa = XCConfigurationList;
			buildConfigurations = (
				61C0427728CF261A00D58BFA /* Debug */,
				61C0427828CF261A00D58BFA /* Release */,
			);
			defaultConfigurationIsVisible = 0;
			defaultConfigurationName = Release;
		};
		61C0427928CF261A00D58BFA /* Build configuration list for PBXNativeTarget "TickTock (macOS)" */ = {
			isa = XCConfigurationList;
			buildConfigurations = (
				61C0427A28CF261A00D58BFA /* Debug */,
				61C0427B28CF261A00D58BFA /* Release */,
			);
			defaultConfigurationIsVisible = 0;
			defaultConfigurationName = Release;
		};
/* End XCConfigurationList section */
	};
	rootObject = 61C0425928CF261800D58BFA /* Project object */;
}
